{
    "_readme": [
        "This file locks the dependencies of your project to a known state",
        "Read more about it at https://getcomposer.org/doc/01-basic-usage.md#installing-dependencies",
        "This file is @generated automatically"
    ],
    "content-hash": "6390422ff363c63f580be8f35679a10e",
    "packages": [
        {
            "name": "academe/serializeparser",
            "version": "1.0.2",
            "source": {
                "type": "git",
                "url": "https://github.com/academe/SerializeParser.git",
                "reference": "d97bb1ddf93c970dca9cd78f457ae2ccdc03b8c7"
            },
            "dist": {
                "type": "zip",
                "url": "https://api.github.com/repos/academe/SerializeParser/zipball/d97bb1ddf93c970dca9cd78f457ae2ccdc03b8c7",
                "reference": "d97bb1ddf93c970dca9cd78f457ae2ccdc03b8c7",
                "shasum": ""
            },
            "require": {
                "php": ">=5.4.0"
            },
            "require-dev": {
                "phpunit/phpunit": "~4.0"
            },
            "type": "package",
            "autoload": {
                "psr-4": {
                    "Academe\\SerializeParser\\": "src/"
                }
            },
            "notification-url": "https://packagist.org/downloads/",
            "license": [
                "MIT"
            ],
            "authors": [
                {
                    "name": "Jason Judge",
                    "email": "jason.judge@academe.co.uk",
                    "homepage": "https://academe.co.uk/"
                }
            ],
            "description": "A PHP parser for serialized data, to be able to 'peek' into serialize strings.",
            "homepage": "https://github.com/academe/SerializeParser",
            "keywords": [
                "php",
                "serialize",
                "unserialize"
            ],
            "time": "2017-02-27T12:16:16+00:00"
        },
        {
            "name": "analog/analog",
            "version": "1.0.10-stable",
            "source": {
                "type": "git",
                "url": "https://github.com/jbroadway/analog.git",
                "reference": "65dce6b5aff8c77307c783e607c04a35df8259d6"
            },
            "dist": {
                "type": "zip",
                "url": "https://api.github.com/repos/jbroadway/analog/zipball/65dce6b5aff8c77307c783e607c04a35df8259d6",
                "reference": "65dce6b5aff8c77307c783e607c04a35df8259d6",
                "shasum": ""
            },
            "require": {
                "php": ">=5.3.2",
                "psr/log": "1.*"
            },
            "type": "library",
            "autoload": {
                "psr-0": {
                    "Analog": "lib/"
                }
            },
            "notification-url": "https://packagist.org/downloads/",
            "license": [
                "MIT"
            ],
            "authors": [
                {
                    "name": "Johnny Broadway",
                    "email": "johnny@johnnybroadway.com",
                    "homepage": "http://www.johnnybroadway.com/"
                }
            ],
            "description": "PHP logging class that can be extended via closures. Includes several pre-built handlers including file, mail, syslog, HTTP post, and MongoDB.",
            "homepage": "https://github.com/jbroadway/analog",
            "keywords": [
                "alerts",
                "debug",
                "debugging",
                "error",
                "log",
                "logger",
                "logging",
                "syslog"
            ],
            "time": "2017-09-17T02:30:30+00:00"
        },
        {
            "name": "greenlion/php-sql-parser",
            "version": "v4.1.2",
            "source": {
                "type": "git",
                "url": "https://github.com/greenlion/PHP-SQL-Parser.git",
                "reference": "b4e8522ebca3e5c8bbd4e2c25edaef155a96db20"
            },
            "dist": {
                "type": "zip",
                "url": "https://api.github.com/repos/greenlion/PHP-SQL-Parser/zipball/b4e8522ebca3e5c8bbd4e2c25edaef155a96db20",
                "reference": "b4e8522ebca3e5c8bbd4e2c25edaef155a96db20",
                "shasum": ""
            },
            "require": {
                "analog/analog": "^1.0.6",
                "php": ">=5.3.2"
            },
            "require-dev": {
                "phpunit/phpunit": "^4.0.14",
                "squizlabs/php_codesniffer": "^1.5.1"
            },
            "type": "library",
            "autoload": {
                "psr-0": {
                    "PHPSQLParser\\": "src/"
                }
            },
            "notification-url": "https://packagist.org/downloads/",
            "license": [
                "BSD-3-Clause"
            ],
            "authors": [
                {
                    "name": "André Rothe",
                    "email": "phosco@gmx.de",
                    "homepage": "https://www.phosco.info",
                    "role": "Committer"
                },
                {
                    "name": "Justin Swanhart",
                    "email": "greenlion@gmail.com",
                    "homepage": "http://code.google.com/u/greenlion@gmail.com/",
                    "role": "Owner"
                }
            ],
            "description": "A pure PHP SQL (non validating) parser w/ focus on MySQL dialect of SQL",
            "homepage": "https://github.com/greenlion/PHP-SQL-Parser",
            "keywords": [
                "creator",
                "mysql",
                "parser",
                "sql"
            ],
            "time": "2017-05-16T21:20:45+00:00"
        },
        {
            "name": "interconnectit/search-replace-db",
            "version": "3.1",
            "source": {
                "type": "git",
                "url": "https://github.com/interconnectit/Search-Replace-DB.git",
                "reference": "28a1f059e4739bca618056dcf3c550a634cf1035"
            },
            "dist": {
                "type": "zip",
                "url": "https://api.github.com/repos/interconnectit/Search-Replace-DB/zipball/28a1f059e4739bca618056dcf3c550a634cf1035",
                "reference": "28a1f059e4739bca618056dcf3c550a634cf1035",
                "shasum": ""
            },
            "require": {
                "php": ">=5.3.0"
            },
            "bin": [
                "srdb.cli.php"
            ],
            "type": "library",
            "autoload": {
                "files": [
                    "srdb.class.php"
                ]
            },
            "notification-url": "https://packagist.org/downloads/",
            "license": [
                "GPL-3.0"
            ],
            "description": "A PHP search replace tool for quickly modifying a string throughout a database. Useful for changing the base URL when migrating a WordPress site from development to production.",
            "homepage": "https://github.com/interconnectit/Search-Replace-DB",
            "time": "2015-07-07T15:44:12+00:00"
        },
        {
            "name": "psr/log",
            "version": "1.0.2",
            "source": {
                "type": "git",
                "url": "https://github.com/php-fig/log.git",
                "reference": "4ebe3a8bf773a19edfe0a84b6585ba3d401b724d"
            },
            "dist": {
                "type": "zip",
                "url": "https://api.github.com/repos/php-fig/log/zipball/4ebe3a8bf773a19edfe0a84b6585ba3d401b724d",
                "reference": "4ebe3a8bf773a19edfe0a84b6585ba3d401b724d",
                "shasum": ""
            },
            "require": {
                "php": ">=5.3.0"
            },
            "type": "library",
            "extra": {
                "branch-alias": {
                    "dev-master": "1.0.x-dev"
                }
            },
            "autoload": {
                "psr-4": {
                    "Psr\\Log\\": "Psr/Log/"
                }
            },
            "notification-url": "https://packagist.org/downloads/",
            "license": [
                "MIT"
            ],
            "authors": [
                {
                    "name": "PHP-FIG",
                    "homepage": "http://www.php-fig.org/"
                }
            ],
            "description": "Common interface for logging libraries",
            "homepage": "https://github.com/php-fig/log",
            "keywords": [
                "log",
                "psr",
                "psr-3"
            ],
            "time": "2016-10-10T12:19:37+00:00"
        },
        {
            "name": "symfony/polyfill-ctype",
            "version": "v1.9.0",
            "source": {
                "type": "git",
                "url": "https://github.com/symfony/polyfill-ctype.git",
                "reference": "e3d826245268269cd66f8326bd8bc066687b4a19"
            },
            "dist": {
                "type": "zip",
                "url": "https://api.github.com/repos/symfony/polyfill-ctype/zipball/e3d826245268269cd66f8326bd8bc066687b4a19",
                "reference": "e3d826245268269cd66f8326bd8bc066687b4a19",
                "shasum": ""
            },
            "require": {
                "php": ">=5.3.3"
            },
            "suggest": {
                "ext-ctype": "For best performance"
            },
            "type": "library",
            "extra": {
                "branch-alias": {
                    "dev-master": "1.9-dev"
                }
            },
            "autoload": {
                "psr-4": {
                    "Symfony\\Polyfill\\Ctype\\": ""
                },
                "files": [
                    "bootstrap.php"
                ]
            },
            "notification-url": "https://packagist.org/downloads/",
            "license": [
                "MIT"
            ],
            "authors": [
                {
                    "name": "Symfony Community",
                    "homepage": "https://symfony.com/contributors"
                },
                {
                    "name": "Gert de Pagter",
                    "email": "BackEndTea@gmail.com"
                }
            ],
            "description": "Symfony polyfill for ctype functions",
            "homepage": "https://symfony.com",
            "keywords": [
                "compatibility",
                "ctype",
                "polyfill",
                "portable"
            ],
            "time": "2018-08-06T14:22:27+00:00"
        },
        {
            "name": "symfony/yaml",
            "version": "v4.1.6",
            "source": {
                "type": "git",
                "url": "https://github.com/symfony/yaml.git",
                "reference": "367e689b2fdc19965be435337b50bc8adf2746c9"
            },
            "dist": {
                "type": "zip",
                "url": "https://api.github.com/repos/symfony/yaml/zipball/367e689b2fdc19965be435337b50bc8adf2746c9",
                "reference": "367e689b2fdc19965be435337b50bc8adf2746c9",
                "shasum": ""
            },
            "require": {
                "php": "^7.1.3",
                "symfony/polyfill-ctype": "~1.8"
            },
            "conflict": {
                "symfony/console": "<3.4"
            },
            "require-dev": {
                "symfony/console": "~3.4|~4.0"
            },
            "suggest": {
                "symfony/console": "For validating YAML files using the lint command"
            },
            "type": "library",
            "extra": {
                "branch-alias": {
                    "dev-master": "4.1-dev"
                }
            },
            "autoload": {
                "psr-4": {
                    "Symfony\\Component\\Yaml\\": ""
                },
                "exclude-from-classmap": [
                    "/Tests/"
                ]
            },
            "notification-url": "https://packagist.org/downloads/",
            "license": [
                "MIT"
            ],
            "authors": [
                {
                    "name": "Fabien Potencier",
                    "email": "fabien@symfony.com"
                },
                {
                    "name": "Symfony Community",
                    "homepage": "https://symfony.com/contributors"
                }
            ],
            "description": "Symfony Yaml Component",
            "homepage": "https://symfony.com",
            "time": "2018-10-02T16:36:10+00:00"
        }
    ],
    "packages-dev": [],
    "aliases": [],
    "minimum-stability": "stable",
    "stability-flags": [],
    "prefer-stable": false,
    "prefer-lowest": false,
    "platform": {
        "php": ">=5.4",
        "ext-json": "*",
        "ext-zlib": "*"
    },
    "platform-dev": []
}
